
Microsoft Visual Studio Solution File, Format Version 12.00
# Visual Studio 2012
Project("{8BC9CEB8-8B4A-11D0-8D11-00A0C91BC942}") = "wavefront", "wavefront\wavefront.vcxproj", "{AADD8F05-621D-4CD4-A65B-CC337DDA8A3C}"
EndProject
Global
	GlobalSection(SolutionConfigurationPlatforms) = preSolution
		Debug|Win32 = Debug|Win32
		Release|Win32 = Release|Win32
	EndGlobalSection
	GlobalSection(ProjectConfigurationPlatforms) = postSolution
		{AADD8F05-621D-4CD4-A65B-CC337DDA8A3C}.Debug|Win32.ActiveCfg = Debug|Win32
		{AADD8F05-621D-4CD4-A65B-CC337DDA8A3C}.Debug|Win32.Build.0 = Debug|Win32
		{AADD8F05-621D-4CD4-A65B-CC337DDA8A3C}.Release|Win32.ActiveCfg = Release|Win32
		{AADD8F05-621D-4CD4-A65B-CC337DDA8A3C}.Release|Win32.Build.0 = Release|Win32
	EndGlobalSection
	GlobalSection(SolutionProperties) = preSolution
		HideSolutionNode = FALSE
	EndGlobalSection
EndGlobal
